
Microsoft Visual Studio Solution File, Format Version 12.00
# Visual Studio Version 17
VisualStudioVersion = 17.1.32210.238
MinimumVisualStudioVersion = 10.0.40219.1
Project("{FAE04EC0-301F-11D3-BF4B-00C04F79EFBC}") = "Proiect_BDI", "Proiect_BDI.csproj", "{190C79B6-8AEE-48EA-85A2-DEDA07207A3D}"
EndProject
Global
	GlobalSection(SolutionConfigurationPlatforms) = preSolution
		Debug|Any CPU = Debug|Any CPU
		Release|Any CPU = Release|Any CPU
	EndGlobalSection
	GlobalSection(ProjectConfigurationPlatforms) = postSolution
		{190C79B6-8AEE-48EA-85A2-DEDA07207A3D}.Debug|Any CPU.ActiveCfg = Debug|Any CPU
		{190C79B6-8AEE-48EA-85A2-DEDA07207A3D}.Debug|Any CPU.Build.0 = Debug|Any CPU
		{190C79B6-8AEE-48EA-85A2-DEDA07207A3D}.Release|Any CPU.ActiveCfg = Release|Any CPU
		{190C79B6-8AEE-48EA-85A2-DEDA07207A3D}.Release|Any CPU.Build.0 = Release|Any CPU
	EndGlobalSection
	GlobalSection(SolutionProperties) = preSolution
		HideSolutionNode = FALSE
	EndGlobalSection
	GlobalSection(ExtensibilityGlobals) = postSolution
		SolutionGuid = {961A92D8-B3DA-4286-BEF8-054952B249A8}
	EndGlobalSection
EndGlobal
